// !$*UTF8*$!
{
	archiveVersion = 1;
	classes = {
	};
	objectVersion = 46;
	objects = {

/* Begin PBXBuildFile section */
		DC5F557215970D6B0006369D /* UIKit.framework in Frameworks */ = {isa = PBXBuildFile; fileRef = DC5F557115970D6B0006369D /* UIKit.framework */; };
		DC5F557415970D6B0006369D /* Foundation.framework in Frameworks */ = {isa = PBXBuildFile; fileRef = DC5F557315970D6B0006369D /* Foundation.framework */; };
		DC5F557615970D6B0006369D /* CoreGraphics.framework in Frameworks */ = {isa = PBXBuildFile; fileRef = DC5F557515970D6B0006369D /* CoreGraphics.framework */; };
		DC5F557C15970D6B0006369D /* InfoPlist.strings in Resources */ = {isa = PBXBuildFile; fileRef = DC5F557A15970D6B0006369D /* InfoPlist.strings */; };
		DC5F557E15970D6B0006369D /* main.m in Sources */ = {isa = PBXBuildFile; fileRef = DC5F557D15970D6B0006369D /* main.m */; };
		DC5F558215970D6B0006369D /* DCFAppDelegate.m in Sources */ = {isa = PBXBuildFile; fileRef = DC5F558115970D6B0006369D /* DCFAppDelegate.m */; };
		DC5F558515970D6B0006369D /* DCFViewController.m in Sources */ = {isa = PBXBuildFile; fileRef = DC5F558415970D6B0006369D /* DCFViewController.m */; };
		DC5F558815970D6B0006369D /* DCFViewController.xib in Resources */ = {isa = PBXBuildFile; fileRef = DC5F558615970D6B0006369D /* DCFViewController.xib */; };
		DC5F559415970F460006369D /* CHANGELOG.md in Resources */ = {isa = PBXBuildFile; fileRef = DC5F559015970F460006369D /* CHANGELOG.md */; };
		DC5F559515970F460006369D /* JSONKit.m in Sources */ = {isa = PBXBuildFile; fileRef = DC5F559215970F460006369D /* JSONKit.m */; };
		DC5F559615970F460006369D /* README.md in Resources */ = {isa = PBXBuildFile; fileRef = DC5F559315970F460006369D /* README.md */; };
		DC5F55B915970F5A0006369D /* MessagePackPacker.m in Sources */ = {isa = PBXBuildFile; fileRef = DC5F559A15970F5A0006369D /* MessagePackPacker.m */; };
		DC5F55BA15970F5A0006369D /* MessagePackParser.m in Sources */ = {isa = PBXBuildFile; fileRef = DC5F559C15970F5A0006369D /* MessagePackParser.m */; };
		DC5F55BB15970F5A0006369D /* objectc.c in Sources */ = {isa = PBXBuildFile; fileRef = DC5F55AD15970F5A0006369D /* objectc.c */; };
		DC5F55BC15970F5A0006369D /* unpack.c in Sources */ = {isa = PBXBuildFile; fileRef = DC5F55AE15970F5A0006369D /* unpack.c */; };
		DC5F55BD15970F5A0006369D /* version.c in Sources */ = {isa = PBXBuildFile; fileRef = DC5F55AF15970F5A0006369D /* version.c */; };
		DC5F55BE15970F5A0006369D /* vrefbuffer.c in Sources */ = {isa = PBXBuildFile; fileRef = DC5F55B015970F5A0006369D /* vrefbuffer.c */; };
		DC5F55BF15970F5A0006369D /* zone.c in Sources */ = {isa = PBXBuildFile; fileRef = DC5F55B115970F5A0006369D /* zone.c */; };
		DC5F55C015970F5A0006369D /* NSArray+MessagePack.m in Sources */ = {isa = PBXBuildFile; fileRef = DC5F55B315970F5A0006369D /* NSArray+MessagePack.m */; };
		DC5F55C115970F5A0006369D /* NSData+MessagePack.m in Sources */ = {isa = PBXBuildFile; fileRef = DC5F55B515970F5A0006369D /* NSData+MessagePack.m */; };
		DC5F55C215970F5A0006369D /* NSDictionary+MessagePack.m in Sources */ = {isa = PBXBuildFile; fileRef = DC5F55B715970F5A0006369D /* NSDictionary+MessagePack.m */; };
		DC5F55C315970F5A0006369D /* readme.md in Resources */ = {isa = PBXBuildFile; fileRef = DC5F55B815970F5A0006369D /* readme.md */; };
		DC5F55C7159710470006369D /* DCFComparator.m in Sources */ = {isa = PBXBuildFile; fileRef = DC5F55C6159710470006369D /* DCFComparator.m */; };
		DC5F55CA159710F80006369D /* DCFDictionaryList.m in Sources */ = {isa = PBXBuildFile; fileRef = DC5F55C9159710F80006369D /* DCFDictionaryList.m */; };
		DC5F55CE159713310006369D /* DCFComparingFormat.m in Sources */ = {isa = PBXBuildFile; fileRef = DC5F55CD159713310006369D /* DCFComparingFormat.m */; };
		DC5F55D11597136E0006369D /* DCFCompareWithJSONKit.m in Sources */ = {isa = PBXBuildFile; fileRef = DC5F55D01597136E0006369D /* DCFCompareWithJSONKit.m */; };
		DC5F55D4159713AC0006369D /* DCFCompareWithMessagePack.m in Sources */ = {isa = PBXBuildFile; fileRef = DC5F55D3159713AC0006369D /* DCFCompareWithMessagePack.m */; };
/* End PBXBuildFile section */

/* Begin PBXFileReference section */
		DC5F556D15970D6B0006369D /* compareFormat.app */ = {isa = PBXFileReference; explicitFileType = wrapper.application; includeInIndex = 0; path = compareFormat.app; sourceTree = BUILT_PRODUCTS_DIR; };
		DC5F557115970D6B0006369D /* UIKit.framework */ = {isa = PBXFileReference; lastKnownFileType = wrapper.framework; name = UIKit.framework; path = System/Library/Frameworks/UIKit.framework; sourceTree = SDKROOT; };
		DC5F557315970D6B0006369D /* Foundation.framework */ = {isa = PBXFileReference; lastKnownFileType = wrapper.framework; name = Foundation.framework; path = System/Library/Frameworks/Foundation.framework; sourceTree = SDKROOT; };
		DC5F557515970D6B0006369D /* CoreGraphics.framework */ = {isa = PBXFileReference; lastKnownFileType = wrapper.framework; name = CoreGraphics.framework; path = System/Library/Frameworks/CoreGraphics.framework; sourceTree = SDKROOT; };
		DC5F557915970D6B0006369D /* compareFormat-Info.plist */ = {isa = PBXFileReference; lastKnownFileType = text.plist.xml; path = "compareFormat-Info.plist"; sourceTree = "<group>"; };
		DC5F557B15970D6B0006369D /* en */ = {isa = PBXFileReference; lastKnownFileType = text.plist.strings; name = en; path = en.lproj/InfoPlist.strings; sourceTree = "<group>"; };
		DC5F557D15970D6B0006369D /* main.m */ = {isa = PBXFileReference; lastKnownFileType = sourcecode.c.objc; path = main.m; sourceTree = "<group>"; };
		DC5F557F15970D6B0006369D /* compareFormat-Prefix.pch */ = {isa = PBXFileReference; lastKnownFileType = sourcecode.c.h; path = "compareFormat-Prefix.pch"; sourceTree = "<group>"; };
		DC5F558015970D6B0006369D /* DCFAppDelegate.h */ = {isa = PBXFileReference; lastKnownFileType = sourcecode.c.h; path = DCFAppDelegate.h; sourceTree = "<group>"; };
		DC5F558115970D6B0006369D /* DCFAppDelegate.m */ = {isa = PBXFileReference; lastKnownFileType = sourcecode.c.objc; path = DCFAppDelegate.m; sourceTree = "<group>"; };
		DC5F558315970D6B0006369D /* DCFViewController.h */ = {isa = PBXFileReference; lastKnownFileType = sourcecode.c.h; path = DCFViewController.h; sourceTree = "<group>"; };
		DC5F558415970D6B0006369D /* DCFViewController.m */ = {isa = PBXFileReference; lastKnownFileType = sourcecode.c.objc; path = DCFViewController.m; sourceTree = "<group>"; };
		DC5F558715970D6B0006369D /* en */ = {isa = PBXFileReference; lastKnownFileType = file.xib; name = en; path = en.lproj/DCFViewController.xib; sourceTree = "<group>"; };
		DC5F559015970F460006369D /* CHANGELOG.md */ = {isa = PBXFileReference; fileEncoding = 4; lastKnownFileType = text; path = CHANGELOG.md; sourceTree = "<group>"; };
		DC5F559115970F460006369D /* JSONKit.h */ = {isa = PBXFileReference; fileEncoding = 4; lastKnownFileType = sourcecode.c.h; path = JSONKit.h; sourceTree = "<group>"; };
		DC5F559215970F460006369D /* JSONKit.m */ = {isa = PBXFileReference; fileEncoding = 4; lastKnownFileType = sourcecode.c.objc; path = JSONKit.m; sourceTree = "<group>"; };
		DC5F559315970F460006369D /* README.md */ = {isa = PBXFileReference; fileEncoding = 4; lastKnownFileType = text; path = README.md; sourceTree = "<group>"; };
		DC5F559815970F5A0006369D /* MessagePack.h */ = {isa = PBXFileReference; fileEncoding = 4; lastKnownFileType = sourcecode.c.h; path = MessagePack.h; sourceTree = "<group>"; };
		DC5F559915970F5A0006369D /* MessagePackPacker.h */ = {isa = PBXFileReference; fileEncoding = 4; lastKnownFileType = sourcecode.c.h; path = MessagePackPacker.h; sourceTree = "<group>"; };
		DC5F559A15970F5A0006369D /* MessagePackPacker.m */ = {isa = PBXFileReference; fileEncoding = 4; lastKnownFileType = sourcecode.c.objc; path = MessagePackPacker.m; sourceTree = "<group>"; };
		DC5F559B15970F5A0006369D /* MessagePackParser.h */ = {isa = PBXFileReference; fileEncoding = 4; lastKnownFileType = sourcecode.c.h; path = MessagePackParser.h; sourceTree = "<group>"; };
		DC5F559C15970F5A0006369D /* MessagePackParser.m */ = {isa = PBXFileReference; fileEncoding = 4; lastKnownFileType = sourcecode.c.objc; path = MessagePackParser.m; sourceTree = "<group>"; };
		DC5F559F15970F5A0006369D /* object.h */ = {isa = PBXFileReference; fileEncoding = 4; lastKnownFileType = sourcecode.c.h; path = object.h; sourceTree = "<group>"; };
		DC5F55A015970F5A0006369D /* pack.h */ = {isa = PBXFileReference; fileEncoding = 4; lastKnownFileType = sourcecode.c.h; path = pack.h; sourceTree = "<group>"; };
		DC5F55A115970F5A0006369D /* pack_define.h */ = {isa = PBXFileReference; fileEncoding = 4; lastKnownFileType = sourcecode.c.h; path = pack_define.h; sourceTree = "<group>"; };
		DC5F55A215970F5A0006369D /* pack_template.h */ = {isa = PBXFileReference; fileEncoding = 4; lastKnownFileType = sourcecode.c.h; path = pack_template.h; sourceTree = "<group>"; };
		DC5F55A315970F5A0006369D /* sbuffer.h */ = {isa = PBXFileReference; fileEncoding = 4; lastKnownFileType = sourcecode.c.h; path = sbuffer.h; sourceTree = "<group>"; };
		DC5F55A415970F5A0006369D /* sysdep.h */ = {isa = PBXFileReference; fileEncoding = 4; lastKnownFileType = sourcecode.c.h; path = sysdep.h; sourceTree = "<group>"; };
		DC5F55A515970F5A0006369D /* unpack.h */ = {isa = PBXFileReference; fileEncoding = 4; lastKnownFileType = sourcecode.c.h; path = unpack.h; sourceTree = "<group>"; };
		DC5F55A615970F5A0006369D /* unpack_define.h */ = {isa = PBXFileReference; fileEncoding = 4; lastKnownFileType = sourcecode.c.h; path = unpack_define.h; sourceTree = "<group>"; };
		DC5F55A715970F5A0006369D /* unpack_template.h */ = {isa = PBXFileReference; fileEncoding = 4; lastKnownFileType = sourcecode.c.h; path = unpack_template.h; sourceTree = "<group>"; };
		DC5F55A815970F5A0006369D /* version.h */ = {isa = PBXFileReference; fileEncoding = 4; lastKnownFileType = sourcecode.c.h; path = version.h; sourceTree = "<group>"; };
		DC5F55A915970F5A0006369D /* vrefbuffer.h */ = {isa = PBXFileReference; fileEncoding = 4; lastKnownFileType = sourcecode.c.h; path = vrefbuffer.h; sourceTree = "<group>"; };
		DC5F55AA15970F5A0006369D /* zbuffer.h */ = {isa = PBXFileReference; fileEncoding = 4; lastKnownFileType = sourcecode.c.h; path = zbuffer.h; sourceTree = "<group>"; };
		DC5F55AB15970F5A0006369D /* zone.h */ = {isa = PBXFileReference; fileEncoding = 4; lastKnownFileType = sourcecode.c.h; path = zone.h; sourceTree = "<group>"; };
		DC5F55AC15970F5A0006369D /* msgpack.h */ = {isa = PBXFileReference; fileEncoding = 4; lastKnownFileType = sourcecode.c.h; path = msgpack.h; sourceTree = "<group>"; };
		DC5F55AD15970F5A0006369D /* objectc.c */ = {isa = PBXFileReference; fileEncoding = 4; lastKnownFileType = sourcecode.c.c; path = objectc.c; sourceTree = "<group>"; };
		DC5F55AE15970F5A0006369D /* unpack.c */ = {isa = PBXFileReference; fileEncoding = 4; lastKnownFileType = sourcecode.c.c; path = unpack.c; sourceTree = "<group>"; };
		DC5F55AF15970F5A0006369D /* version.c */ = {isa = PBXFileReference; fileEncoding = 4; lastKnownFileType = sourcecode.c.c; path = version.c; sourceTree = "<group>"; };
		DC5F55B015970F5A0006369D /* vrefbuffer.c */ = {isa = PBXFileReference; fileEncoding = 4; lastKnownFileType = sourcecode.c.c; path = vrefbuffer.c; sourceTree = "<group>"; };
		DC5F55B115970F5A0006369D /* zone.c */ = {isa = PBXFileReference; fileEncoding = 4; lastKnownFileType = sourcecode.c.c; path = zone.c; sourceTree = "<group>"; };
		DC5F55B215970F5A0006369D /* NSArray+MessagePack.h */ = {isa = PBXFileReference; fileEncoding = 4; lastKnownFileType = sourcecode.c.h; path = "NSArray+MessagePack.h"; sourceTree = "<group>"; };
		DC5F55B315970F5A0006369D /* NSArray+MessagePack.m */ = {isa = PBXFileReference; fileEncoding = 4; lastKnownFileType = sourcecode.c.objc; path = "NSArray+MessagePack.m"; sourceTree = "<group>"; };
		DC5F55B415970F5A0006369D /* NSData+MessagePack.h */ = {isa = PBXFileReference; fileEncoding = 4; lastKnownFileType = sourcecode.c.h; path = "NSData+MessagePack.h"; sourceTree = "<group>"; };
		DC5F55B515970F5A0006369D /* NSData+MessagePack.m */ = {isa = PBXFileReference; fileEncoding = 4; lastKnownFileType = sourcecode.c.objc; path = "NSData+MessagePack.m"; sourceTree = "<group>"; };
		DC5F55B615970F5A0006369D /* NSDictionary+MessagePack.h */ = {isa = PBXFileReference; fileEncoding = 4; lastKnownFileType = sourcecode.c.h; path = "NSDictionary+MessagePack.h"; sourceTree = "<group>"; };
		DC5F55B715970F5A0006369D /* NSDictionary+MessagePack.m */ = {isa = PBXFileReference; fileEncoding = 4; lastKnownFileType = sourcecode.c.objc; path = "NSDictionary+MessagePack.m"; sourceTree = "<group>"; };
		DC5F55B815970F5A0006369D /* readme.md */ = {isa = PBXFileReference; fileEncoding = 4; lastKnownFileType = text; path = readme.md; sourceTree = "<group>"; };
		DC5F55C5159710470006369D /* DCFComparator.h */ = {isa = PBXFileReference; fileEncoding = 4; lastKnownFileType = sourcecode.c.h; path = DCFComparator.h; sourceTree = "<group>"; };
		DC5F55C6159710470006369D /* DCFComparator.m */ = {isa = PBXFileReference; fileEncoding = 4; lastKnownFileType = sourcecode.c.objc; path = DCFComparator.m; sourceTree = "<group>"; };
		DC5F55C8159710F80006369D /* DCFDictionaryList.h */ = {isa = PBXFileReference; fileEncoding = 4; lastKnownFileType = sourcecode.c.h; path = DCFDictionaryList.h; sourceTree = "<group>"; };
		DC5F55C9159710F80006369D /* DCFDictionaryList.m */ = {isa = PBXFileReference; fileEncoding = 4; lastKnownFileType = sourcecode.c.objc; path = DCFDictionaryList.m; sourceTree = "<group>"; };
		DC5F55CC159713310006369D /* DCFComparingFormat.h */ = {isa = PBXFileReference; fileEncoding = 4; lastKnownFileType = sourcecode.c.h; path = DCFComparingFormat.h; sourceTree = "<group>"; };
		DC5F55CD159713310006369D /* DCFComparingFormat.m */ = {isa = PBXFileReference; fileEncoding = 4; lastKnownFileType = sourcecode.c.objc; path = DCFComparingFormat.m; sourceTree = "<group>"; };
		DC5F55CF1597136E0006369D /* DCFCompareWithJSONKit.h */ = {isa = PBXFileReference; fileEncoding = 4; lastKnownFileType = sourcecode.c.h; path = DCFCompareWithJSONKit.h; sourceTree = "<group>"; };
		DC5F55D01597136E0006369D /* DCFCompareWithJSONKit.m */ = {isa = PBXFileReference; fileEncoding = 4; lastKnownFileType = sourcecode.c.objc; path = DCFCompareWithJSONKit.m; sourceTree = "<group>"; };
		DC5F55D2159713AB0006369D /* DCFCompareWithMessagePack.h */ = {isa = PBXFileReference; fileEncoding = 4; lastKnownFileType = sourcecode.c.h; path = DCFCompareWithMessagePack.h; sourceTree = "<group>"; };
		DC5F55D3159713AC0006369D /* DCFCompareWithMessagePack.m */ = {isa = PBXFileReference; fileEncoding = 4; lastKnownFileType = sourcecode.c.objc; path = DCFCompareWithMessagePack.m; sourceTree = "<group>"; };
/* End PBXFileReference section */

/* Begin PBXFrameworksBuildPhase section */
		DC5F556A15970D6B0006369D /* Frameworks */ = {
			isa = PBXFrameworksBuildPhase;
			buildActionMask = 2147483647;
			files = (
				DC5F557215970D6B0006369D /* UIKit.framework in Frameworks */,
				DC5F557415970D6B0006369D /* Foundation.framework in Frameworks */,
				DC5F557615970D6B0006369D /* CoreGraphics.framework in Frameworks */,
			);
			runOnlyForDeploymentPostprocessing = 0;
		};
/* End PBXFrameworksBuildPhase section */

/* Begin PBXGroup section */
		DC5F556215970D6B0006369D = {
			isa = PBXGroup;
			children = (
				DC5F557715970D6B0006369D /* compareFormat */,
				DC5F557015970D6B0006369D /* Frameworks */,
				DC5F558E15970F2C0006369D /* lib */,
				DC5F556E15970D6B0006369D /* Products */,
				DC5F557815970D6B0006369D /* Supporting Files */,
			);
			sourceTree = "<group>";
		};
		DC5F556E15970D6B0006369D /* Products */ = {
			isa = PBXGroup;
			children = (
				DC5F556D15970D6B0006369D /* compareFormat.app */,
			);
			name = Products;
			sourceTree = "<group>";
		};
		DC5F557015970D6B0006369D /* Frameworks */ = {
			isa = PBXGroup;
			children = (
				DC5F557115970D6B0006369D /* UIKit.framework */,
				DC5F557315970D6B0006369D /* Foundation.framework */,
				DC5F557515970D6B0006369D /* CoreGraphics.framework */,
			);
			name = Frameworks;
			sourceTree = "<group>";
		};
		DC5F557715970D6B0006369D /* compareFormat */ = {
			isa = PBXGroup;
			children = (
				DC5F55CB159713150006369D /* comparingFormats */,
				DC5F55C415970FCA0006369D /* comparedObjects */,
				DC5F558015970D6B0006369D /* DCFAppDelegate.h */,
				DC5F558115970D6B0006369D /* DCFAppDelegate.m */,
				DC5F558315970D6B0006369D /* DCFViewController.h */,
				DC5F558415970D6B0006369D /* DCFViewController.m */,
				DC5F558615970D6B0006369D /* DCFViewController.xib */,
				DC5F55C5159710470006369D /* DCFComparator.h */,
				DC5F55C6159710470006369D /* DCFComparator.m */,
			);
			path = compareFormat;
			sourceTree = "<group>";
		};
		DC5F557815970D6B0006369D /* Supporting Files */ = {
			isa = PBXGroup;
			children = (
				DC5F557915970D6B0006369D /* compareFormat-Info.plist */,
				DC5F557A15970D6B0006369D /* InfoPlist.strings */,
				DC5F557D15970D6B0006369D /* main.m */,
				DC5F557F15970D6B0006369D /* compareFormat-Prefix.pch */,
			);
			name = "Supporting Files";
			path = compareFormat;
			sourceTree = "<group>";
		};
		DC5F558E15970F2C0006369D /* lib */ = {
			isa = PBXGroup;
			children = (
				DC5F559715970F5A0006369D /* msgpack */,
				DC5F558F15970F460006369D /* jsonkit */,
			);
			name = lib;
			sourceTree = "<group>";
		};
		DC5F558F15970F460006369D /* jsonkit */ = {
			isa = PBXGroup;
			children = (
				DC5F559015970F460006369D /* CHANGELOG.md */,
				DC5F559115970F460006369D /* JSONKit.h */,
				DC5F559215970F460006369D /* JSONKit.m */,
				DC5F559315970F460006369D /* README.md */,
			);
			name = jsonkit;
			path = lib/jsonkit;
			sourceTree = "<group>";
		};
		DC5F559715970F5A0006369D /* msgpack */ = {
			isa = PBXGroup;
			children = (
				DC5F559815970F5A0006369D /* MessagePack.h */,
				DC5F559915970F5A0006369D /* MessagePackPacker.h */,
				DC5F559A15970F5A0006369D /* MessagePackPacker.m */,
				DC5F559B15970F5A0006369D /* MessagePackParser.h */,
				DC5F559C15970F5A0006369D /* MessagePackParser.m */,
				DC5F559D15970F5A0006369D /* msgpack_src */,
				DC5F55B215970F5A0006369D /* NSArray+MessagePack.h */,
				DC5F55B315970F5A0006369D /* NSArray+MessagePack.m */,
				DC5F55B415970F5A0006369D /* NSData+MessagePack.h */,
				DC5F55B515970F5A0006369D /* NSData+MessagePack.m */,
				DC5F55B615970F5A0006369D /* NSDictionary+MessagePack.h */,
				DC5F55B715970F5A0006369D /* NSDictionary+MessagePack.m */,
				DC5F55B815970F5A0006369D /* readme.md */,
			);
			name = msgpack;
			path = lib/msgpack;
			sourceTree = "<group>";
		};
		DC5F559D15970F5A0006369D /* msgpack_src */ = {
			isa = PBXGroup;
			children = (
				DC5F559E15970F5A0006369D /* msgpack */,
				DC5F55AC15970F5A0006369D /* msgpack.h */,
				DC5F55AD15970F5A0006369D /* objectc.c */,
				DC5F55AE15970F5A0006369D /* unpack.c */,
				DC5F55AF15970F5A0006369D /* version.c */,
				DC5F55B015970F5A0006369D /* vrefbuffer.c */,
				DC5F55B115970F5A0006369D /* zone.c */,
			);
			path = msgpack_src;
			sourceTree = "<group>";
		};
		DC5F559E15970F5A0006369D /* msgpack */ = {
			isa = PBXGroup;
			children = (
				DC5F559F15970F5A0006369D /* object.h */,
				DC5F55A015970F5A0006369D /* pack.h */,
				DC5F55A115970F5A0006369D /* pack_define.h */,
				DC5F55A215970F5A0006369D /* pack_template.h */,
				DC5F55A315970F5A0006369D /* sbuffer.h */,
				DC5F55A415970F5A0006369D /* sysdep.h */,
				DC5F55A515970F5A0006369D /* unpack.h */,
				DC5F55A615970F5A0006369D /* unpack_define.h */,
				DC5F55A715970F5A0006369D /* unpack_template.h */,
				DC5F55A815970F5A0006369D /* version.h */,
				DC5F55A915970F5A0006369D /* vrefbuffer.h */,
				DC5F55AA15970F5A0006369D /* zbuffer.h */,
				DC5F55AB15970F5A0006369D /* zone.h */,
			);
			path = msgpack;
			sourceTree = "<group>";
		};
		DC5F55C415970FCA0006369D /* comparedObjects */ = {
			isa = PBXGroup;
			children = (
				DC5F55C8159710F80006369D /* DCFDictionaryList.h */,
				DC5F55C9159710F80006369D /* DCFDictionaryList.m */,
			);
			name = comparedObjects;
			sourceTree = "<group>";
		};
		DC5F55CB159713150006369D /* comparingFormats */ = {
			isa = PBXGroup;
			children = (
				DC5F55CC159713310006369D /* DCFComparingFormat.h */,
				DC5F55CD159713310006369D /* DCFComparingFormat.m */,
				DC5F55CF1597136E0006369D /* DCFCompareWithJSONKit.h */,
				DC5F55D01597136E0006369D /* DCFCompareWithJSONKit.m */,
				DC5F55D2159713AB0006369D /* DCFCompareWithMessagePack.h */,
				DC5F55D3159713AC0006369D /* DCFCompareWithMessagePack.m */,
			);
			name = comparingFormats;
			sourceTree = "<group>";
		};
/* End PBXGroup section */

/* Begin PBXNativeTarget section */
		DC5F556C15970D6B0006369D /* compareFormat */ = {
			isa = PBXNativeTarget;
			buildConfigurationList = DC5F558B15970D6B0006369D /* Build configuration list for PBXNativeTarget "compareFormat" */;
			buildPhases = (
				DC5F556915970D6B0006369D /* Sources */,
				DC5F556A15970D6B0006369D /* Frameworks */,
				DC5F556B15970D6B0006369D /* Resources */,
			);
			buildRules = (
			);
			dependencies = (
			);
			name = compareFormat;
			productName = compareFormat;
			productReference = DC5F556D15970D6B0006369D /* compareFormat.app */;
			productType = "com.apple.product-type.application";
		};
/* End PBXNativeTarget section */

/* Begin PBXProject section */
		DC5F556415970D6B0006369D /* Project object */ = {
			isa = PBXProject;
			attributes = {
				CLASSPREFIX = DCF;
				LastUpgradeCheck = 0430;
			};
			buildConfigurationList = DC5F556715970D6B0006369D /* Build configuration list for PBXProject "compareFormat" */;
			compatibilityVersion = "Xcode 3.2";
			developmentRegion = English;
			hasScannedForEncodings = 0;
			knownRegions = (
				en,
			);
			mainGroup = DC5F556215970D6B0006369D;
			productRefGroup = DC5F556E15970D6B0006369D /* Products */;
			projectDirPath = "";
			projectRoot = "";
			targets = (
				DC5F556C15970D6B0006369D /* compareFormat */,
			);
		};
/* End PBXProject section */

/* Begin PBXResourcesBuildPhase section */
		DC5F556B15970D6B0006369D /* Resources */ = {
			isa = PBXResourcesBuildPhase;
			buildActionMask = 2147483647;
			files = (
				DC5F557C15970D6B0006369D /* InfoPlist.strings in Resources */,
				DC5F558815970D6B0006369D /* DCFViewController.xib in Resources */,
				DC5F559415970F460006369D /* CHANGELOG.md in Resources */,
				DC5F559615970F460006369D /* README.md in Resources */,
				DC5F55C315970F5A0006369D /* readme.md in Resources */,
			);
			runOnlyForDeploymentPostprocessing = 0;
		};
/* End PBXResourcesBuildPhase section */

/* Begin PBXSourcesBuildPhase section */
		DC5F556915970D6B0006369D /* Sources */ = {
			isa = PBXSourcesBuildPhase;
			buildActionMask = 2147483647;
			files = (
				DC5F557E15970D6B0006369D /* main.m in Sources */,
				DC5F558215970D6B0006369D /* DCFAppDelegate.m in Sources */,
				DC5F558515970D6B0006369D /* DCFViewController.m in Sources */,
				DC5F559515970F460006369D /* JSONKit.m in Sources */,
				DC5F55B915970F5A0006369D /* MessagePackPacker.m in Sources */,
				DC5F55BA15970F5A0006369D /* MessagePackParser.m in Sources */,
				DC5F55BB15970F5A0006369D /* objectc.c in Sources */,
				DC5F55BC15970F5A0006369D /* unpack.c in Sources */,
				DC5F55BD15970F5A0006369D /* version.c in Sources */,
				DC5F55BE15970F5A0006369D /* vrefbuffer.c in Sources */,
				DC5F55BF15970F5A0006369D /* zone.c in Sources */,
				DC5F55C015970F5A0006369D /* NSArray+MessagePack.m in Sources */,
				DC5F55C115970F5A0006369D /* NSData+MessagePack.m in Sources */,
				DC5F55C215970F5A0006369D /* NSDictionary+MessagePack.m in Sources */,
				DC5F55C7159710470006369D /* DCFComparator.m in Sources */,
				DC5F55CA159710F80006369D /* DCFDictionaryList.m in Sources */,
				DC5F55CE159713310006369D /* DCFComparingFormat.m in Sources */,
				DC5F55D11597136E0006369D /* DCFCompareWithJSONKit.m in Sources */,
				DC5F55D4159713AC0006369D /* DCFCompareWithMessagePack.m in Sources */,
			);
			runOnlyForDeploymentPostprocessing = 0;
		};
/* End PBXSourcesBuildPhase section */

/* Begin PBXVariantGroup section */
		DC5F557A15970D6B0006369D /* InfoPlist.strings */ = {
			isa = PBXVariantGroup;
			children = (
				DC5F557B15970D6B0006369D /* en */,
			);
			name = InfoPlist.strings;
			sourceTree = "<group>";
		};
		DC5F558615970D6B0006369D /* DCFViewController.xib */ = {
			isa = PBXVariantGroup;
			children = (
				DC5F558715970D6B0006369D /* en */,
			);
			name = DCFViewController.xib;
			sourceTree = "<group>";
		};
/* End PBXVariantGroup section */

/* Begin XCBuildConfiguration section */
		DC5F558915970D6B0006369D /* Debug */ = {
			isa = XCBuildConfiguration;
			buildSettings = {
				ALWAYS_SEARCH_USER_PATHS = NO;
				ARCHS = "$(ARCHS_STANDARD_32_BIT)";
				"CODE_SIGN_IDENTITY[sdk=iphoneos*]" = "iPhone Developer";
				COPY_PHASE_STRIP = NO;
				GCC_C_LANGUAGE_STANDARD = gnu99;
				GCC_DYNAMIC_NO_PIC = NO;
				GCC_OPTIMIZATION_LEVEL = 0;
				GCC_PREPROCESSOR_DEFINITIONS = (
					"DEBUG=1",
					"$(inherited)",
				);
				GCC_SYMBOLS_PRIVATE_EXTERN = NO;
				GCC_VERSION = com.apple.compilers.llvm.clang.1_0;
				GCC_WARN_ABOUT_RETURN_TYPE = YES;
				GCC_WARN_UNINITIALIZED_AUTOS = YES;
				GCC_WARN_UNUSED_VARIABLE = YES;
				IPHONEOS_DEPLOYMENT_TARGET = 5.1;
				SDKROOT = iphoneos;
			};
			name = Debug;
		};
		DC5F558A15970D6B0006369D /* Release */ = {
			isa = XCBuildConfiguration;
			buildSettings = {
				ALWAYS_SEARCH_USER_PATHS = NO;
				ARCHS = "$(ARCHS_STANDARD_32_BIT)";
				"CODE_SIGN_IDENTITY[sdk=iphoneos*]" = "iPhone Developer";
				COPY_PHASE_STRIP = YES;
				GCC_C_LANGUAGE_STANDARD = gnu99;
				GCC_VERSION = com.apple.compilers.llvm.clang.1_0;
				GCC_WARN_ABOUT_RETURN_TYPE = YES;
				GCC_WARN_UNINITIALIZED_AUTOS = YES;
				GCC_WARN_UNUSED_VARIABLE = YES;
				IPHONEOS_DEPLOYMENT_TARGET = 5.1;
				OTHER_CFLAGS = "-DNS_BLOCK_ASSERTIONS=1";
				SDKROOT = iphoneos;
				VALIDATE_PRODUCT = YES;
			};
			name = Release;
		};
		DC5F558C15970D6B0006369D /* Debug */ = {
			isa = XCBuildConfiguration;
			buildSettings = {
				GCC_PRECOMPILE_PREFIX_HEADER = YES;
				GCC_PREFIX_HEADER = "compareFormat/compareFormat-Prefix.pch";
				INFOPLIST_FILE = "compareFormat/compareFormat-Info.plist";
				PRODUCT_NAME = "$(TARGET_NAME)";
				WRAPPER_EXTENSION = app;
			};
			name = Debug;
		};
		DC5F558D15970D6B0006369D /* Release */ = {
			isa = XCBuildConfiguration;
			buildSettings = {
				GCC_PRECOMPILE_PREFIX_HEADER = YES;
				GCC_PREFIX_HEADER = "compareFormat/compareFormat-Prefix.pch";
				INFOPLIST_FILE = "compareFormat/compareFormat-Info.plist";
				PRODUCT_NAME = "$(TARGET_NAME)";
				WRAPPER_EXTENSION = app;
			};
			name = Release;
		};
/* End XCBuildConfiguration section */

/* Begin XCConfigurationList section */
		DC5F556715970D6B0006369D /* Build configuration list for PBXProject "compareFormat" */ = {
			isa = XCConfigurationList;
			buildConfigurations = (
				DC5F558915970D6B0006369D /* Debug */,
				DC5F558A15970D6B0006369D /* Release */,
			);
			defaultConfigurationIsVisible = 0;
			defaultConfigurationName = Release;
		};
		DC5F558B15970D6B0006369D /* Build configuration list for PBXNativeTarget "compareFormat" */ = {
			isa = XCConfigurationList;
			buildConfigurations = (
				DC5F558C15970D6B0006369D /* Debug */,
				DC5F558D15970D6B0006369D /* Release */,
			);
			defaultConfigurationIsVisible = 0;
		};
/* End XCConfigurationList section */
	};
	rootObject = DC5F556415970D6B0006369D /* Project object */;
}
